
Microsoft Visual Studio Solution File, Format Version 12.00
# Visual Studio Version 16
VisualStudioVersion = 25.0.1704.0
MinimumVisualStudioVersion = 10.0.40219.1
Project("{FAE04EC0-301F-11D3-BF4B-00C04F79EFBC}") = "TicketsRavelli.API", "TicketsRavelli.API\TicketsRavelli.API.csproj", "{CA6A5905-BED6-41D9-BB7A-876C8340AE59}"
EndProject
Project("{FAE04EC0-301F-11D3-BF4B-00C04F79EFBC}") = "TicketsRavelli.Infrastructure", "TicketsRavelli.Infrastructure\TicketsRavelli.Infrastructure.csproj", "{5C5B70F5-CBEF-4F9D-A904-112BBFDD29C9}"
EndProject
Project("{FAE04EC0-301F-11D3-BF4B-00C04F79EFBC}") = "TicketsRavelli.Core", "TicketsRavelli.Core\TicketsRavelli.Core.csproj", "{87719A5E-E34A-4CF0-8D45-54A073D9AD10}"
EndProject
Project("{FAE04EC0-301F-11D3-BF4B-00C04F79EFBC}") = "TicketsRavelli.Application", "TicketsRavelli.Application\TicketsRavelli.Application.csproj", "{33B6E99C-8CF4-4ABE-8A20-BAFC73DD9496}"
EndProject
Project("{FAE04EC0-301F-11D3-BF4B-00C04F79EFBC}") = "TicketsRavelli.UnitTests", "TicketsRavelli.UnitTests\TicketsRavelli.UnitTests.csproj", "{54028EC9-5559-4190-A17D-1B29BA385008}"
EndProject
Global
	GlobalSection(SolutionConfigurationPlatforms) = preSolution
		Debug|Any CPU = Debug|Any CPU
		Release|Any CPU = Release|Any CPU
	EndGlobalSection
	GlobalSection(ProjectConfigurationPlatforms) = postSolution
		{CA6A5905-BED6-41D9-BB7A-876C8340AE59}.Debug|Any CPU.ActiveCfg = Debug|Any CPU
		{CA6A5905-BED6-41D9-BB7A-876C8340AE59}.Debug|Any CPU.Build.0 = Debug|Any CPU
		{CA6A5905-BED6-41D9-BB7A-876C8340AE59}.Release|Any CPU.ActiveCfg = Release|Any CPU
		{CA6A5905-BED6-41D9-BB7A-876C8340AE59}.Release|Any CPU.Build.0 = Release|Any CPU
		{5C5B70F5-CBEF-4F9D-A904-112BBFDD29C9}.Debug|Any CPU.ActiveCfg = Debug|Any CPU
		{5C5B70F5-CBEF-4F9D-A904-112BBFDD29C9}.Debug|Any CPU.Build.0 = Debug|Any CPU
		{5C5B70F5-CBEF-4F9D-A904-112BBFDD29C9}.Release|Any CPU.ActiveCfg = Release|Any CPU
		{5C5B70F5-CBEF-4F9D-A904-112BBFDD29C9}.Release|Any CPU.Build.0 = Release|Any CPU
		{87719A5E-E34A-4CF0-8D45-54A073D9AD10}.Debug|Any CPU.ActiveCfg = Debug|Any CPU
		{87719A5E-E34A-4CF0-8D45-54A073D9AD10}.Debug|Any CPU.Build.0 = Debug|Any CPU
		{87719A5E-E34A-4CF0-8D45-54A073D9AD10}.Release|Any CPU.ActiveCfg = Release|Any CPU
		{87719A5E-E34A-4CF0-8D45-54A073D9AD10}.Release|Any CPU.Build.0 = Release|Any CPU
		{33B6E99C-8CF4-4ABE-8A20-BAFC73DD9496}.Debug|Any CPU.ActiveCfg = Debug|Any CPU
		{33B6E99C-8CF4-4ABE-8A20-BAFC73DD9496}.Debug|Any CPU.Build.0 = Debug|Any CPU
		{33B6E99C-8CF4-4ABE-8A20-BAFC73DD9496}.Release|Any CPU.ActiveCfg = Release|Any CPU
		{33B6E99C-8CF4-4ABE-8A20-BAFC73DD9496}.Release|Any CPU.Build.0 = Release|Any CPU
		{54028EC9-5559-4190-A17D-1B29BA385008}.Debug|Any CPU.ActiveCfg = Debug|Any CPU
		{54028EC9-5559-4190-A17D-1B29BA385008}.Debug|Any CPU.Build.0 = Debug|Any CPU
		{54028EC9-5559-4190-A17D-1B29BA385008}.Release|Any CPU.ActiveCfg = Release|Any CPU
		{54028EC9-5559-4190-A17D-1B29BA385008}.Release|Any CPU.Build.0 = Release|Any CPU
	EndGlobalSection
	GlobalSection(SolutionProperties) = preSolution
		HideSolutionNode = FALSE
	EndGlobalSection
	GlobalSection(ExtensibilityGlobals) = postSolution
		SolutionGuid = {2A2E5AB9-2435-46ED-86A5-556172260888}
	EndGlobalSection
EndGlobal
